
Microsoft Visual Studio Solution File, Format Version 12.00
# Visual Studio Version 16
VisualStudioVersion = 25.0.1700.0
MinimumVisualStudioVersion = 10.0.40219.1
Project("{FAE04EC0-301F-11D3-BF4B-00C04F79EFBC}") = "SimulatorEngine", "SimulatorEngine\SimulatorEngine.csproj", "{43B6B889-B954-4F3D-B38A-B484129078B6}"
EndProject
Project("{FAE04EC0-301F-11D3-BF4B-00C04F79EFBC}") = "SimulatorEngine.Business", "SimulatorEngine.Business\SimulatorEngine.Business.csproj", "{14B0CFEC-9913-4358-8E7E-7FB35014F739}"
EndProject
Global
	GlobalSection(SolutionConfigurationPlatforms) = preSolution
		Debug|Any CPU = Debug|Any CPU
		Release|Any CPU = Release|Any CPU
	EndGlobalSection
	GlobalSection(ProjectConfigurationPlatforms) = postSolution
		{43B6B889-B954-4F3D-B38A-B484129078B6}.Debug|Any CPU.ActiveCfg = Debug|Any CPU
		{43B6B889-B954-4F3D-B38A-B484129078B6}.Debug|Any CPU.Build.0 = Debug|Any CPU
		{43B6B889-B954-4F3D-B38A-B484129078B6}.Release|Any CPU.ActiveCfg = Release|Any CPU
		{43B6B889-B954-4F3D-B38A-B484129078B6}.Release|Any CPU.Build.0 = Release|Any CPU
		{14B0CFEC-9913-4358-8E7E-7FB35014F739}.Debug|Any CPU.ActiveCfg = Debug|Any CPU
		{14B0CFEC-9913-4358-8E7E-7FB35014F739}.Debug|Any CPU.Build.0 = Debug|Any CPU
		{14B0CFEC-9913-4358-8E7E-7FB35014F739}.Release|Any CPU.ActiveCfg = Release|Any CPU
		{14B0CFEC-9913-4358-8E7E-7FB35014F739}.Release|Any CPU.Build.0 = Release|Any CPU
	EndGlobalSection
	GlobalSection(SolutionProperties) = preSolution
		HideSolutionNode = FALSE
	EndGlobalSection
	GlobalSection(ExtensibilityGlobals) = postSolution
		SolutionGuid = {0AAEC70D-027D-43A1-AFAE-D4C7B30DB001}
	EndGlobalSection
EndGlobal
